
Microsoft Visual Studio Solution File, Format Version 12.00
# Visual Studio Version 17
VisualStudioVersion = 17.8.34309.116
MinimumVisualStudioVersion = 10.0.40219.1
Project("{FAE04EC0-301F-11D3-BF4B-00C04F79EFBC}") = "DocumentArchival", "DocumentArchival\DocumentArchival.csproj", "{2B6B21D2-0647-4C3F-B2A4-282661B33DA3}"
EndProject
Global
	GlobalSection(SolutionConfigurationPlatforms) = preSolution
		Debug|Any CPU = Debug|Any CPU
		Release|Any CPU = Release|Any CPU
	EndGlobalSection
	GlobalSection(ProjectConfigurationPlatforms) = postSolution
		{2B6B21D2-0647-4C3F-B2A4-282661B33DA3}.Debug|Any CPU.ActiveCfg = Debug|Any CPU
		{2B6B21D2-0647-4C3F-B2A4-282661B33DA3}.Debug|Any CPU.Build.0 = Debug|Any CPU
		{2B6B21D2-0647-4C3F-B2A4-282661B33DA3}.Release|Any CPU.ActiveCfg = Release|Any CPU
		{2B6B21D2-0647-4C3F-B2A4-282661B33DA3}.Release|Any CPU.Build.0 = Release|Any CPU
	EndGlobalSection
	GlobalSection(SolutionProperties) = preSolution
		HideSolutionNode = FALSE
	EndGlobalSection
	GlobalSection(ExtensibilityGlobals) = postSolution
		SolutionGuid = {F558D05B-B392-41A8-A689-23EC11D4639A}
	EndGlobalSection
EndGlobal
